// !$*UTF8*$!
{
	archiveVersion = 1;
	classes = {
	};
	objectVersion = 56;
	objects = {

/* Begin PBXBuildFile section */
		081182BB2C33D37000631B62 /* PermissionView.swift in Sources */ = {isa = PBXBuildFile; fileRef = 081182BA2C33D37000631B62 /* PermissionView.swift */; };
		081182BF2C33D39400631B62 /* PermissionWindow.swift in Sources */ = {isa = PBXBuildFile; fileRef = 081182BE2C33D39400631B62 /* PermissionWindow.swift */; };
		081182C22C3401E400631B62 /* LaunchAtLogin in Frameworks */ = {isa = PBXBuildFile; productRef = 081182C12C3401E400631B62 /* LaunchAtLogin */; };
		081182C42C3403BD00631B62 /* AnyLocalizedError.swift in Sources */ = {isa = PBXBuildFile; fileRef = 081182C32C3403BD00631B62 /* AnyLocalizedError.swift */; };
		0837626D2C3CD61400ECA359 /* GeneralSettingManager.swift in Sources */ = {isa = PBXBuildFile; fileRef = 0837626C2C3CD61400ECA359 /* GeneralSettingManager.swift */; };
		0837626F2C3CD6B100ECA359 /* SettingsManager.swift in Sources */ = {isa = PBXBuildFile; fileRef = 0837626E2C3CD6B100ECA359 /* SettingsManager.swift */; };
		083762712C3CD70E00ECA359 /* BindingExposable.swift in Sources */ = {isa = PBXBuildFile; fileRef = 083762702C3CD70E00ECA359 /* BindingExposable.swift */; };
		083762732C3CD8EF00ECA359 /* Defaults.swift in Sources */ = {isa = PBXBuildFile; fileRef = 083762722C3CD8EF00ECA359 /* Defaults.swift */; };
		088983BA2C0EF9210087EB32 /* NotchFaceApp.swift in Sources */ = {isa = PBXBuildFile; fileRef = 088983B92C0EF9210087EB32 /* NotchFaceApp.swift */; };
		088983BE2C0EF9230087EB32 /* Assets.xcassets in Resources */ = {isa = PBXBuildFile; fileRef = 088983BD2C0EF9230087EB32 /* Assets.xcassets */; };
		088983C12C0EF9230087EB32 /* Preview Assets.xcassets in Resources */ = {isa = PBXBuildFile; fileRef = 088983C02C0EF9230087EB32 /* Preview Assets.xcassets */; };
		088983CC2C0EF9230087EB32 /* NotchFaceTests.swift in Sources */ = {isa = PBXBuildFile; fileRef = 088983CB2C0EF9230087EB32 /* NotchFaceTests.swift */; };
		088983D62C0EF9230087EB32 /* NotchFaceUITests.swift in Sources */ = {isa = PBXBuildFile; fileRef = 088983D52C0EF9230087EB32 /* NotchFaceUITests.swift */; };
		088983D82C0EF9230087EB32 /* NotchFaceUITestsLaunchTests.swift in Sources */ = {isa = PBXBuildFile; fileRef = 088983D72C0EF9230087EB32 /* NotchFaceUITestsLaunchTests.swift */; };
		08E890AA2C312B3600D4FFD4 /* AppDelegate.swift in Sources */ = {isa = PBXBuildFile; fileRef = 08E890A92C312B3600D4FFD4 /* AppDelegate.swift */; };
		08E890AD2C312B9C00D4FFD4 /* AppState.swift in Sources */ = {isa = PBXBuildFile; fileRef = 08E890AC2C312B9C00D4FFD4 /* AppState.swift */; };
		08E890B02C314D7300D4FFD4 /* Logger+Ex.swift in Sources */ = {isa = PBXBuildFile; fileRef = 08E890AF2C314D7300D4FFD4 /* Logger+Ex.swift */; };
		08E890B32C314E2500D4FFD4 /* ScreenStateManager.swift in Sources */ = {isa = PBXBuildFile; fileRef = 08E890B22C314E2500D4FFD4 /* ScreenStateManager.swift */; };
		08E890B52C314EC300D4FFD4 /* NSApplication+Ex.swift in Sources */ = {isa = PBXBuildFile; fileRef = 08E890B42C314EC300D4FFD4 /* NSApplication+Ex.swift */; };
		08E890B72C314EE900D4FFD4 /* Constants.swift in Sources */ = {isa = PBXBuildFile; fileRef = 08E890B62C314EE900D4FFD4 /* Constants.swift */; };
		08E890B92C314EFF00D4FFD4 /* Bundle+Ex.swift in Sources */ = {isa = PBXBuildFile; fileRef = 08E890B82C314EFF00D4FFD4 /* Bundle+Ex.swift */; };
		08E890BC2C31544100D4FFD4 /* SettingsView.swift in Sources */ = {isa = PBXBuildFile; fileRef = 08E890BB2C31544100D4FFD4 /* SettingsView.swift */; };
		08E890BF2C31546000D4FFD4 /* SettingsWindow.swift in Sources */ = {isa = PBXBuildFile; fileRef = 08E890BE2C31546000D4FFD4 /* SettingsWindow.swift */; };
		08E890C12C31549F00D4FFD4 /* SettingsNavigaionItem.swift in Sources */ = {isa = PBXBuildFile; fileRef = 08E890C02C31549F00D4FFD4 /* SettingsNavigaionItem.swift */; };
		08E890C32C31598200D4FFD4 /* NSColor+Ex.swift in Sources */ = {isa = PBXBuildFile; fileRef = 08E890C22C31598200D4FFD4 /* NSColor+Ex.swift */; };
		08E890C72C31639500D4FFD4 /* AdvancedSettingView.swift in Sources */ = {isa = PBXBuildFile; fileRef = 08E890C62C31639500D4FFD4 /* AdvancedSettingView.swift */; };
		08E890CB2C31640A00D4FFD4 /* AudioSettingView.swift in Sources */ = {isa = PBXBuildFile; fileRef = 08E890CA2C31640A00D4FFD4 /* AudioSettingView.swift */; };
		08E890CD2C31646300D4FFD4 /* BrightnessSettingView.swift in Sources */ = {isa = PBXBuildFile; fileRef = 08E890CC2C31646300D4FFD4 /* BrightnessSettingView.swift */; };
		08E890CF2C31647400D4FFD4 /* KeyboardBrightSettingView.swift in Sources */ = {isa = PBXBuildFile; fileRef = 08E890CE2C31647400D4FFD4 /* KeyboardBrightSettingView.swift */; };
		08E890D12C31647D00D4FFD4 /* PlayingSettingView.swift in Sources */ = {isa = PBXBuildFile; fileRef = 08E890D02C31647D00D4FFD4 /* PlayingSettingView.swift */; };
		08E890D32C31648800D4FFD4 /* AboutSettingView.swift in Sources */ = {isa = PBXBuildFile; fileRef = 08E890D22C31648800D4FFD4 /* AboutSettingView.swift */; };
/* End PBXBuildFile section */

/* Begin PBXContainerItemProxy section */
		088983C82C0EF9230087EB32 /* PBXContainerItemProxy */ = {
			isa = PBXContainerItemProxy;
			containerPortal = 088983AE2C0EF9210087EB32 /* Project object */;
			proxyType = 1;
			remoteGlobalIDString = 088983B52C0EF9210087EB32;
			remoteInfo = NotchFace;
		};
		088983D22C0EF9230087EB32 /* PBXContainerItemProxy */ = {
			isa = PBXContainerItemProxy;
			containerPortal = 088983AE2C0EF9210087EB32 /* Project object */;
			proxyType = 1;
			remoteGlobalIDString = 088983B52C0EF9210087EB32;
			remoteInfo = NotchFace;
		};
/* End PBXContainerItemProxy section */

/* Begin PBXFileReference section */
		081182BA2C33D37000631B62 /* PermissionView.swift */ = {isa = PBXFileReference; lastKnownFileType = sourcecode.swift; path = PermissionView.swift; sourceTree = "<group>"; };
		081182BE2C33D39400631B62 /* PermissionWindow.swift */ = {isa = PBXFileReference; lastKnownFileType = sourcecode.swift; path = PermissionWindow.swift; sourceTree = "<group>"; };
		081182C32C3403BD00631B62 /* AnyLocalizedError.swift */ = {isa = PBXFileReference; lastKnownFileType = sourcecode.swift; path = AnyLocalizedError.swift; sourceTree = "<group>"; };
		0837626C2C3CD61400ECA359 /* GeneralSettingManager.swift */ = {isa = PBXFileReference; lastKnownFileType = sourcecode.swift; path = GeneralSettingManager.swift; sourceTree = "<group>"; };
		0837626E2C3CD6B100ECA359 /* SettingsManager.swift */ = {isa = PBXFileReference; lastKnownFileType = sourcecode.swift; path = SettingsManager.swift; sourceTree = "<group>"; };
		083762702C3CD70E00ECA359 /* BindingExposable.swift */ = {isa = PBXFileReference; lastKnownFileType = sourcecode.swift; path = BindingExposable.swift; sourceTree = "<group>"; };
		083762722C3CD8EF00ECA359 /* Defaults.swift */ = {isa = PBXFileReference; lastKnownFileType = sourcecode.swift; path = Defaults.swift; sourceTree = "<group>"; };
		088983B62C0EF9210087EB32 /* NotchFace.app */ = {isa = PBXFileReference; explicitFileType = wrapper.application; includeInIndex = 0; path = NotchFace.app; sourceTree = BUILT_PRODUCTS_DIR; };
		088983B92C0EF9210087EB32 /* NotchFaceApp.swift */ = {isa = PBXFileReference; lastKnownFileType = sourcecode.swift; path = NotchFaceApp.swift; sourceTree = "<group>"; };
		088983BD2C0EF9230087EB32 /* Assets.xcassets */ = {isa = PBXFileReference; lastKnownFileType = folder.assetcatalog; path = Assets.xcassets; sourceTree = "<group>"; };
		088983C02C0EF9230087EB32 /* Preview Assets.xcassets */ = {isa = PBXFileReference; lastKnownFileType = folder.assetcatalog; path = "Preview Assets.xcassets"; sourceTree = "<group>"; };
		088983C22C0EF9230087EB32 /* NotchFace.entitlements */ = {isa = PBXFileReference; lastKnownFileType = text.plist.entitlements; path = NotchFace.entitlements; sourceTree = "<group>"; };
		088983C72C0EF9230087EB32 /* NotchFaceTests.xctest */ = {isa = PBXFileReference; explicitFileType = wrapper.cfbundle; includeInIndex = 0; path = NotchFaceTests.xctest; sourceTree = BUILT_PRODUCTS_DIR; };
		088983CB2C0EF9230087EB32 /* NotchFaceTests.swift */ = {isa = PBXFileReference; lastKnownFileType = sourcecode.swift; path = NotchFaceTests.swift; sourceTree = "<group>"; };
		088983D12C0EF9230087EB32 /* NotchFaceUITests.xctest */ = {isa = PBXFileReference; explicitFileType = wrapper.cfbundle; includeInIndex = 0; path = NotchFaceUITests.xctest; sourceTree = BUILT_PRODUCTS_DIR; };
		088983D52C0EF9230087EB32 /* NotchFaceUITests.swift */ = {isa = PBXFileReference; lastKnownFileType = sourcecode.swift; path = NotchFaceUITests.swift; sourceTree = "<group>"; };
		088983D72C0EF9230087EB32 /* NotchFaceUITestsLaunchTests.swift */ = {isa = PBXFileReference; lastKnownFileType = sourcecode.swift; path = NotchFaceUITestsLaunchTests.swift; sourceTree = "<group>"; };
		08E890A92C312B3600D4FFD4 /* AppDelegate.swift */ = {isa = PBXFileReference; lastKnownFileType = sourcecode.swift; path = AppDelegate.swift; sourceTree = "<group>"; };
		08E890AC2C312B9C00D4FFD4 /* AppState.swift */ = {isa = PBXFileReference; lastKnownFileType = sourcecode.swift; path = AppState.swift; sourceTree = "<group>"; };
		08E890AF2C314D7300D4FFD4 /* Logger+Ex.swift */ = {isa = PBXFileReference; lastKnownFileType = sourcecode.swift; path = "Logger+Ex.swift"; sourceTree = "<group>"; };
		08E890B22C314E2500D4FFD4 /* ScreenStateManager.swift */ = {isa = PBXFileReference; lastKnownFileType = sourcecode.swift; path = ScreenStateManager.swift; sourceTree = "<group>"; };
		08E890B42C314EC300D4FFD4 /* NSApplication+Ex.swift */ = {isa = PBXFileReference; lastKnownFileType = sourcecode.swift; path = "NSApplication+Ex.swift"; sourceTree = "<group>"; };
		08E890B62C314EE900D4FFD4 /* Constants.swift */ = {isa = PBXFileReference; lastKnownFileType = sourcecode.swift; path = Constants.swift; sourceTree = "<group>"; };
		08E890B82C314EFF00D4FFD4 /* Bundle+Ex.swift */ = {isa = PBXFileReference; lastKnownFileType = sourcecode.swift; path = "Bundle+Ex.swift"; sourceTree = "<group>"; };
		08E890BB2C31544100D4FFD4 /* SettingsView.swift */ = {isa = PBXFileReference; lastKnownFileType = sourcecode.swift; path = SettingsView.swift; sourceTree = "<group>"; };
		08E890BE2C31546000D4FFD4 /* SettingsWindow.swift */ = {isa = PBXFileReference; lastKnownFileType = sourcecode.swift; path = SettingsWindow.swift; sourceTree = "<group>"; };
		08E890C02C31549F00D4FFD4 /* SettingsNavigaionItem.swift */ = {isa = PBXFileReference; lastKnownFileType = sourcecode.swift; path = SettingsNavigaionItem.swift; sourceTree = "<group>"; };
		08E890C22C31598200D4FFD4 /* NSColor+Ex.swift */ = {isa = PBXFileReference; lastKnownFileType = sourcecode.swift; path = "NSColor+Ex.swift"; sourceTree = "<group>"; };
		08E890C62C31639500D4FFD4 /* AdvancedSettingView.swift */ = {isa = PBXFileReference; lastKnownFileType = sourcecode.swift; path = AdvancedSettingView.swift; sourceTree = "<group>"; };
		08E890CA2C31640A00D4FFD4 /* AudioSettingView.swift */ = {isa = PBXFileReference; lastKnownFileType = sourcecode.swift; path = AudioSettingView.swift; sourceTree = "<group>"; };
		08E890CC2C31646300D4FFD4 /* BrightnessSettingView.swift */ = {isa = PBXFileReference; lastKnownFileType = sourcecode.swift; path = BrightnessSettingView.swift; sourceTree = "<group>"; };
		08E890CE2C31647400D4FFD4 /* KeyboardBrightSettingView.swift */ = {isa = PBXFileReference; lastKnownFileType = sourcecode.swift; path = KeyboardBrightSettingView.swift; sourceTree = "<group>"; };
		08E890D02C31647D00D4FFD4 /* PlayingSettingView.swift */ = {isa = PBXFileReference; lastKnownFileType = sourcecode.swift; path = PlayingSettingView.swift; sourceTree = "<group>"; };
		08E890D22C31648800D4FFD4 /* AboutSettingView.swift */ = {isa = PBXFileReference; lastKnownFileType = sourcecode.swift; path = AboutSettingView.swift; sourceTree = "<group>"; };
/* End PBXFileReference section */

/* Begin PBXFrameworksBuildPhase section */
		088983B32C0EF9210087EB32 /* Frameworks */ = {
			isa = PBXFrameworksBuildPhase;
			buildActionMask = 2147483647;
			files = (
				081182C22C3401E400631B62 /* LaunchAtLogin in Frameworks */,
			);
			runOnlyForDeploymentPostprocessing = 0;
		};
		088983C42C0EF9230087EB32 /* Frameworks */ = {
			isa = PBXFrameworksBuildPhase;
			buildActionMask = 2147483647;
			files = (
			);
			runOnlyForDeploymentPostprocessing = 0;
		};
		088983CE2C0EF9230087EB32 /* Frameworks */ = {
			isa = PBXFrameworksBuildPhase;
			buildActionMask = 2147483647;
			files = (
			);
			runOnlyForDeploymentPostprocessing = 0;
		};
/* End PBXFrameworksBuildPhase section */

/* Begin PBXGroup section */
		081182B92C33D34D00631B62 /* Permission */ = {
			isa = PBXGroup;
			children = (
				081182BE2C33D39400631B62 /* PermissionWindow.swift */,
				081182BA2C33D37000631B62 /* PermissionView.swift */,
			);
			path = Permission;
			sourceTree = "<group>";
		};
		088983AD2C0EF9210087EB32 = {
			isa = PBXGroup;
			children = (
				088983B82C0EF9210087EB32 /* NotchFace */,
				088983CA2C0EF9230087EB32 /* NotchFaceTests */,
				088983D42C0EF9230087EB32 /* NotchFaceUITests */,
				088983B72C0EF9210087EB32 /* Products */,
			);
			sourceTree = "<group>";
		};
		088983B72C0EF9210087EB32 /* Products */ = {
			isa = PBXGroup;
			children = (
				088983B62C0EF9210087EB32 /* NotchFace.app */,
				088983C72C0EF9230087EB32 /* NotchFaceTests.xctest */,
				088983D12C0EF9230087EB32 /* NotchFaceUITests.xctest */,
			);
			name = Products;
			sourceTree = "<group>";
		};
		088983B82C0EF9210087EB32 /* NotchFace */ = {
			isa = PBXGroup;
			children = (
				08E890AB2C312B3A00D4FFD4 /* Main */,
				08E890AE2C314D6500D4FFD4 /* Extensions */,
				08E890B12C314E1000D4FFD4 /* Utilities */,
				08E890BA2C31543300D4FFD4 /* UI */,
				088983BD2C0EF9230087EB32 /* Assets.xcassets */,
				088983C22C0EF9230087EB32 /* NotchFace.entitlements */,
				088983BF2C0EF9230087EB32 /* Preview Content */,
			);
			path = NotchFace;
			sourceTree = "<group>";
		};
		088983BF2C0EF9230087EB32 /* Preview Content */ = {
			isa = PBXGroup;
			children = (
				088983C02C0EF9230087EB32 /* Preview Assets.xcassets */,
			);
			path = "Preview Content";
			sourceTree = "<group>";
		};
		088983CA2C0EF9230087EB32 /* NotchFaceTests */ = {
			isa = PBXGroup;
			children = (
				088983CB2C0EF9230087EB32 /* NotchFaceTests.swift */,
			);
			path = NotchFaceTests;
			sourceTree = "<group>";
		};
		088983D42C0EF9230087EB32 /* NotchFaceUITests */ = {
			isa = PBXGroup;
			children = (
				088983D52C0EF9230087EB32 /* NotchFaceUITests.swift */,
				088983D72C0EF9230087EB32 /* NotchFaceUITestsLaunchTests.swift */,
			);
			path = NotchFaceUITests;
			sourceTree = "<group>";
		};
		08E890AB2C312B3A00D4FFD4 /* Main */ = {
			isa = PBXGroup;
			children = (
				08E890A92C312B3600D4FFD4 /* AppDelegate.swift */,
				08E890AC2C312B9C00D4FFD4 /* AppState.swift */,
				088983B92C0EF9210087EB32 /* NotchFaceApp.swift */,
			);
			path = Main;
			sourceTree = "<group>";
		};
		08E890AE2C314D6500D4FFD4 /* Extensions */ = {
			isa = PBXGroup;
			children = (
				08E890AF2C314D7300D4FFD4 /* Logger+Ex.swift */,
				08E890B42C314EC300D4FFD4 /* NSApplication+Ex.swift */,
				08E890B82C314EFF00D4FFD4 /* Bundle+Ex.swift */,
				08E890C22C31598200D4FFD4 /* NSColor+Ex.swift */,
			);
			path = Extensions;
			sourceTree = "<group>";
		};
		08E890B12C314E1000D4FFD4 /* Utilities */ = {
			isa = PBXGroup;
			children = (
				08E890B22C314E2500D4FFD4 /* ScreenStateManager.swift */,
				08E890B62C314EE900D4FFD4 /* Constants.swift */,
				083762702C3CD70E00ECA359 /* BindingExposable.swift */,
				081182C32C3403BD00631B62 /* AnyLocalizedError.swift */,
				0837626E2C3CD6B100ECA359 /* SettingsManager.swift */,
				0837626C2C3CD61400ECA359 /* GeneralSettingManager.swift */,
				083762722C3CD8EF00ECA359 /* Defaults.swift */,
			);
			path = Utilities;
			sourceTree = "<group>";
		};
		08E890BA2C31543300D4FFD4 /* UI */ = {
			isa = PBXGroup;
			children = (
				081182B92C33D34D00631B62 /* Permission */,
				08E890BD2C31545500D4FFD4 /* Settings */,
			);
			path = UI;
			sourceTree = "<group>";
		};
		08E890BD2C31545500D4FFD4 /* Settings */ = {
			isa = PBXGroup;
			children = (
				08E890C52C31637D00D4FFD4 /* SettingsChilds */,
				08E890BE2C31546000D4FFD4 /* SettingsWindow.swift */,
				08E890BB2C31544100D4FFD4 /* SettingsView.swift */,
				08E890C02C31549F00D4FFD4 /* SettingsNavigaionItem.swift */,
			);
			path = Settings;
			sourceTree = "<group>";
		};
		08E890C52C31637D00D4FFD4 /* SettingsChilds */ = {
			isa = PBXGroup;
			children = (
				08E890C62C31639500D4FFD4 /* AdvancedSettingView.swift */,
				08E890CA2C31640A00D4FFD4 /* AudioSettingView.swift */,
				08E890CC2C31646300D4FFD4 /* BrightnessSettingView.swift */,
				08E890CE2C31647400D4FFD4 /* KeyboardBrightSettingView.swift */,
				08E890D02C31647D00D4FFD4 /* PlayingSettingView.swift */,
				08E890D22C31648800D4FFD4 /* AboutSettingView.swift */,
			);
			path = SettingsChilds;
			sourceTree = "<group>";
		};
/* End PBXGroup section */

/* Begin PBXNativeTarget section */
		088983B52C0EF9210087EB32 /* NotchFace */ = {
			isa = PBXNativeTarget;
			buildConfigurationList = 088983DB2C0EF9230087EB32 /* Build configuration list for PBXNativeTarget "NotchFace" */;
			buildPhases = (
				088983B22C0EF9210087EB32 /* Sources */,
				088983B32C0EF9210087EB32 /* Frameworks */,
				088983B42C0EF9210087EB32 /* Resources */,
				083762742C3CE69500ECA359 /* [RS] Swift Format autocorrect */,
				083762752C3CE6E100ECA359 /* [RS] SwiftLint */,
			);
			buildRules = (
			);
			dependencies = (
			);
			name = NotchFace;
			packageProductDependencies = (
				081182C12C3401E400631B62 /* LaunchAtLogin */,
			);
			productName = NotchFace;
			productReference = 088983B62C0EF9210087EB32 /* NotchFace.app */;
			productType = "com.apple.product-type.application";
		};
		088983C62C0EF9230087EB32 /* NotchFaceTests */ = {
			isa = PBXNativeTarget;
			buildConfigurationList = 088983DE2C0EF9230087EB32 /* Build configuration list for PBXNativeTarget "NotchFaceTests" */;
			buildPhases = (
				088983C32C0EF9230087EB32 /* Sources */,
				088983C42C0EF9230087EB32 /* Frameworks */,
				088983C52C0EF9230087EB32 /* Resources */,
			);
			buildRules = (
			);
			dependencies = (
				088983C92C0EF9230087EB32 /* PBXTargetDependency */,
			);
			name = NotchFaceTests;
			productName = NotchFaceTests;
			productReference = 088983C72C0EF9230087EB32 /* NotchFaceTests.xctest */;
			productType = "com.apple.product-type.bundle.unit-test";
		};
		088983D02C0EF9230087EB32 /* NotchFaceUITests */ = {
			isa = PBXNativeTarget;
			buildConfigurationList = 088983E12C0EF9230087EB32 /* Build configuration list for PBXNativeTarget "NotchFaceUITests" */;
			buildPhases = (
				088983CD2C0EF9230087EB32 /* Sources */,
				088983CE2C0EF9230087EB32 /* Frameworks */,
				088983CF2C0EF9230087EB32 /* Resources */,
			);
			buildRules = (
			);
			dependencies = (
				088983D32C0EF9230087EB32 /* PBXTargetDependency */,
			);
			name = NotchFaceUITests;
			productName = NotchFaceUITests;
			productReference = 088983D12C0EF9230087EB32 /* NotchFaceUITests.xctest */;
			productType = "com.apple.product-type.bundle.ui-testing";
		};
/* End PBXNativeTarget section */

/* Begin PBXProject section */
		088983AE2C0EF9210087EB32 /* Project object */ = {
			isa = PBXProject;
			attributes = {
				BuildIndependentTargetsInParallel = 1;
				LastSwiftUpdateCheck = 1540;
				LastUpgradeCheck = 1540;
				ORGANIZATIONNAME = NotchFace;
				TargetAttributes = {
					088983B52C0EF9210087EB32 = {
						CreatedOnToolsVersion = 15.4;
					};
					088983C62C0EF9230087EB32 = {
						CreatedOnToolsVersion = 15.4;
						TestTargetID = 088983B52C0EF9210087EB32;
					};
					088983D02C0EF9230087EB32 = {
						CreatedOnToolsVersion = 15.4;
						TestTargetID = 088983B52C0EF9210087EB32;
					};
				};
			};
			buildConfigurationList = 088983B12C0EF9210087EB32 /* Build configuration list for PBXProject "NotchFace" */;
			compatibilityVersion = "Xcode 14.0";
			developmentRegion = en;
			hasScannedForEncodings = 0;
			knownRegions = (
				en,
				Base,
			);
			mainGroup = 088983AD2C0EF9210087EB32;
			packageReferences = (
				081182C02C3401E400631B62 /* XCRemoteSwiftPackageReference "LaunchAtLogin-Modern" */,
			);
			productRefGroup = 088983B72C0EF9210087EB32 /* Products */;
			projectDirPath = "";
			projectRoot = "";
			targets = (
				088983B52C0EF9210087EB32 /* NotchFace */,
				088983C62C0EF9230087EB32 /* NotchFaceTests */,
				088983D02C0EF9230087EB32 /* NotchFaceUITests */,
			);
		};
/* End PBXProject section */

/* Begin PBXResourcesBuildPhase section */
		088983B42C0EF9210087EB32 /* Resources */ = {
			isa = PBXResourcesBuildPhase;
			buildActionMask = 2147483647;
			files = (
				088983C12C0EF9230087EB32 /* Preview Assets.xcassets in Resources */,
				088983BE2C0EF9230087EB32 /* Assets.xcassets in Resources */,
			);
			runOnlyForDeploymentPostprocessing = 0;
		};
		088983C52C0EF9230087EB32 /* Resources */ = {
			isa = PBXResourcesBuildPhase;
			buildActionMask = 2147483647;
			files = (
			);
			runOnlyForDeploymentPostprocessing = 0;
		};
		088983CF2C0EF9230087EB32 /* Resources */ = {
			isa = PBXResourcesBuildPhase;
			buildActionMask = 2147483647;
			files = (
			);
			runOnlyForDeploymentPostprocessing = 0;
		};
/* End PBXResourcesBuildPhase section */

/* Begin PBXShellScriptBuildPhase section */
		083762742C3CE69500ECA359 /* [RS] Swift Format autocorrect */ = {
			isa = PBXShellScriptBuildPhase;
			buildActionMask = 2147483647;
			files = (
			);
			inputFileListPaths = (
			);
			inputPaths = (
			);
			name = "[RS] Swift Format autocorrect";
			outputFileListPaths = (
			);
			outputPaths = (
			);
			runOnlyForDeploymentPostprocessing = 0;
			shellPath = /bin/sh;
			shellScript = "# Type a script or drag a script file from your workspace to insert its path.\nif [[ \"$(uname -m)\" == arm64 ]]; then\n    export PATH=\"/opt/homebrew/bin:$PATH\"\nfi\n\nif [ \"${CONFIGURATION}\" = \"Debug\" ]; then\nswiftlint autocorrect&&swiftlint autocorrect --format\nfi\n";
		};
		083762752C3CE6E100ECA359 /* [RS] SwiftLint */ = {
			isa = PBXShellScriptBuildPhase;
			buildActionMask = 2147483647;
			files = (
			);
			inputFileListPaths = (
			);
			inputPaths = (
			);
			name = "[RS] SwiftLint";
			outputFileListPaths = (
			);
			outputPaths = (
			);
			runOnlyForDeploymentPostprocessing = 0;
			shellPath = /bin/sh;
			shellScript = "if [[ \"$(uname -m)\" == arm64 ]]; then\n    export PATH=\"/opt/homebrew/bin:$PATH\"\nfi\n\nif [ \"${CONFIGURATION}\" = \"Debug\" ]; then\n    if which swiftlint > /dev/null; then\n    swiftlint\n    else\n    echo \"warning: SwiftLint not installed, download from https://github.com/realm/SwiftLint\"\n    fi\nfi\n";
		};
/* End PBXShellScriptBuildPhase section */

/* Begin PBXSourcesBuildPhase section */
		088983B22C0EF9210087EB32 /* Sources */ = {
			isa = PBXSourcesBuildPhase;
			buildActionMask = 2147483647;
			files = (
				08E890C72C31639500D4FFD4 /* AdvancedSettingView.swift in Sources */,
				08E890BF2C31546000D4FFD4 /* SettingsWindow.swift in Sources */,
				08E890C12C31549F00D4FFD4 /* SettingsNavigaionItem.swift in Sources */,
				0837626D2C3CD61400ECA359 /* GeneralSettingManager.swift in Sources */,
				08E890D32C31648800D4FFD4 /* AboutSettingView.swift in Sources */,
				08E890BC2C31544100D4FFD4 /* SettingsView.swift in Sources */,
				08E890B02C314D7300D4FFD4 /* Logger+Ex.swift in Sources */,
				083762712C3CD70E00ECA359 /* BindingExposable.swift in Sources */,
				0837626F2C3CD6B100ECA359 /* SettingsManager.swift in Sources */,
				08E890AD2C312B9C00D4FFD4 /* AppState.swift in Sources */,
				08E890CB2C31640A00D4FFD4 /* AudioSettingView.swift in Sources */,
				08E890CF2C31647400D4FFD4 /* KeyboardBrightSettingView.swift in Sources */,
				083762732C3CD8EF00ECA359 /* Defaults.swift in Sources */,
				08E890C32C31598200D4FFD4 /* NSColor+Ex.swift in Sources */,
				08E890D12C31647D00D4FFD4 /* PlayingSettingView.swift in Sources */,
				08E890B92C314EFF00D4FFD4 /* Bundle+Ex.swift in Sources */,
				08E890B52C314EC300D4FFD4 /* NSApplication+Ex.swift in Sources */,
				081182BB2C33D37000631B62 /* PermissionView.swift in Sources */,
				081182BF2C33D39400631B62 /* PermissionWindow.swift in Sources */,
				08E890B32C314E2500D4FFD4 /* ScreenStateManager.swift in Sources */,
				08E890AA2C312B3600D4FFD4 /* AppDelegate.swift in Sources */,
				08E890CD2C31646300D4FFD4 /* BrightnessSettingView.swift in Sources */,
				081182C42C3403BD00631B62 /* AnyLocalizedError.swift in Sources */,
				088983BA2C0EF9210087EB32 /* NotchFaceApp.swift in Sources */,
				08E890B72C314EE900D4FFD4 /* Constants.swift in Sources */,
			);
			runOnlyForDeploymentPostprocessing = 0;
		};
		088983C32C0EF9230087EB32 /* Sources */ = {
			isa = PBXSourcesBuildPhase;
			buildActionMask = 2147483647;
			files = (
				088983CC2C0EF9230087EB32 /* NotchFaceTests.swift in Sources */,
			);
			runOnlyForDeploymentPostprocessing = 0;
		};
		088983CD2C0EF9230087EB32 /* Sources */ = {
			isa = PBXSourcesBuildPhase;
			buildActionMask = 2147483647;
			files = (
				088983D82C0EF9230087EB32 /* NotchFaceUITestsLaunchTests.swift in Sources */,
				088983D62C0EF9230087EB32 /* NotchFaceUITests.swift in Sources */,
			);
			runOnlyForDeploymentPostprocessing = 0;
		};
/* End PBXSourcesBuildPhase section */

/* Begin PBXTargetDependency section */
		088983C92C0EF9230087EB32 /* PBXTargetDependency */ = {
			isa = PBXTargetDependency;
			target = 088983B52C0EF9210087EB32 /* NotchFace */;
			targetProxy = 088983C82C0EF9230087EB32 /* PBXContainerItemProxy */;
		};
		088983D32C0EF9230087EB32 /* PBXTargetDependency */ = {
			isa = PBXTargetDependency;
			target = 088983B52C0EF9210087EB32 /* NotchFace */;
			targetProxy = 088983D22C0EF9230087EB32 /* PBXContainerItemProxy */;
		};
/* End PBXTargetDependency section */

/* Begin XCBuildConfiguration section */
		088983D92C0EF9230087EB32 /* Debug */ = {
			isa = XCBuildConfiguration;
			buildSettings = {
				ALWAYS_SEARCH_USER_PATHS = NO;
				ASSETCATALOG_COMPILER_GENERATE_SWIFT_ASSET_SYMBOL_EXTENSIONS = YES;
				CLANG_ANALYZER_NONNULL = YES;
				CLANG_ANALYZER_NUMBER_OBJECT_CONVERSION = YES_AGGRESSIVE;
				CLANG_CXX_LANGUAGE_STANDARD = "gnu++20";
				CLANG_ENABLE_MODULES = YES;
				CLANG_ENABLE_OBJC_ARC = YES;
				CLANG_ENABLE_OBJC_WEAK = YES;
				CLANG_WARN_BLOCK_CAPTURE_AUTORELEASING = YES;
				CLANG_WARN_BOOL_CONVERSION = YES;
				CLANG_WARN_COMMA = YES;
				CLANG_WARN_CONSTANT_CONVERSION = YES;
				CLANG_WARN_DEPRECATED_OBJC_IMPLEMENTATIONS = YES;
				CLANG_WARN_DIRECT_OBJC_ISA_USAGE = YES_ERROR;
				CLANG_WARN_DOCUMENTATION_COMMENTS = YES;
				CLANG_WARN_EMPTY_BODY = YES;
				CLANG_WARN_ENUM_CONVERSION = YES;
				CLANG_WARN_INFINITE_RECURSION = YES;
				CLANG_WARN_INT_CONVERSION = YES;
				CLANG_WARN_NON_LITERAL_NULL_CONVERSION = YES;
				CLANG_WARN_OBJC_IMPLICIT_RETAIN_SELF = YES;
				CLANG_WARN_OBJC_LITERAL_CONVERSION = YES;
				CLANG_WARN_OBJC_ROOT_CLASS = YES_ERROR;
				CLANG_WARN_QUOTED_INCLUDE_IN_FRAMEWORK_HEADER = YES;
				CLANG_WARN_RANGE_LOOP_ANALYSIS = YES;
				CLANG_WARN_STRICT_PROTOTYPES = YES;
				CLANG_WARN_SUSPICIOUS_MOVE = YES;
				CLANG_WARN_UNGUARDED_AVAILABILITY = YES_AGGRESSIVE;
				CLANG_WARN_UNREACHABLE_CODE = YES;
				CLANG_WARN__DUPLICATE_METHOD_MATCH = YES;
				COPY_PHASE_STRIP = NO;
				DEBUG_INFORMATION_FORMAT = dwarf;
				ENABLE_STRICT_OBJC_MSGSEND = YES;
				ENABLE_TESTABILITY = YES;
				ENABLE_USER_SCRIPT_SANDBOXING = YES;
				GCC_C_LANGUAGE_STANDARD = gnu17;
				GCC_DYNAMIC_NO_PIC = NO;
				GCC_NO_COMMON_BLOCKS = YES;
				GCC_OPTIMIZATION_LEVEL = 0;
				GCC_PREPROCESSOR_DEFINITIONS = (
					"DEBUG=1",
					"$(inherited)",
				);
				GCC_WARN_64_TO_32_BIT_CONVERSION = YES;
				GCC_WARN_ABOUT_RETURN_TYPE = YES_ERROR;
				GCC_WARN_UNDECLARED_SELECTOR = YES;
				GCC_WARN_UNINITIALIZED_AUTOS = YES_AGGRESSIVE;
				GCC_WARN_UNUSED_FUNCTION = YES;
				GCC_WARN_UNUSED_VARIABLE = YES;
				LOCALIZATION_PREFERS_STRING_CATALOGS = YES;
				MACOSX_DEPLOYMENT_TARGET = 14.5;
				MTL_ENABLE_DEBUG_INFO = INCLUDE_SOURCE;
				MTL_FAST_MATH = YES;
				ONLY_ACTIVE_ARCH = YES;
				SDKROOT = macosx;
				SWIFT_ACTIVE_COMPILATION_CONDITIONS = "DEBUG $(inherited)";
				SWIFT_OPTIMIZATION_LEVEL = "-Onone";
			};
			name = Debug;
		};
		088983DA2C0EF9230087EB32 /* Release */ = {
			isa = XCBuildConfiguration;
			buildSettings = {
				ALWAYS_SEARCH_USER_PATHS = NO;
				ASSETCATALOG_COMPILER_GENERATE_SWIFT_ASSET_SYMBOL_EXTENSIONS = YES;
				CLANG_ANALYZER_NONNULL = YES;
				CLANG_ANALYZER_NUMBER_OBJECT_CONVERSION = YES_AGGRESSIVE;
				CLANG_CXX_LANGUAGE_STANDARD = "gnu++20";
				CLANG_ENABLE_MODULES = YES;
				CLANG_ENABLE_OBJC_ARC = YES;
				CLANG_ENABLE_OBJC_WEAK = YES;
				CLANG_WARN_BLOCK_CAPTURE_AUTORELEASING = YES;
				CLANG_WARN_BOOL_CONVERSION = YES;
				CLANG_WARN_COMMA = YES;
				CLANG_WARN_CONSTANT_CONVERSION = YES;
				CLANG_WARN_DEPRECATED_OBJC_IMPLEMENTATIONS = YES;
				CLANG_WARN_DIRECT_OBJC_ISA_USAGE = YES_ERROR;
				CLANG_WARN_DOCUMENTATION_COMMENTS = YES;
				CLANG_WARN_EMPTY_BODY = YES;
				CLANG_WARN_ENUM_CONVERSION = YES;
				CLANG_WARN_INFINITE_RECURSION = YES;
				CLANG_WARN_INT_CONVERSION = YES;
				CLANG_WARN_NON_LITERAL_NULL_CONVERSION = YES;
				CLANG_WARN_OBJC_IMPLICIT_RETAIN_SELF = YES;
				CLANG_WARN_OBJC_LITERAL_CONVERSION = YES;
				CLANG_WARN_OBJC_ROOT_CLASS = YES_ERROR;
				CLANG_WARN_QUOTED_INCLUDE_IN_FRAMEWORK_HEADER = YES;
				CLANG_WARN_RANGE_LOOP_ANALYSIS = YES;
				CLANG_WARN_STRICT_PROTOTYPES = YES;
				CLANG_WARN_SUSPICIOUS_MOVE = YES;
				CLANG_WARN_UNGUARDED_AVAILABILITY = YES_AGGRESSIVE;
				CLANG_WARN_UNREACHABLE_CODE = YES;
				CLANG_WARN__DUPLICATE_METHOD_MATCH = YES;
				COPY_PHASE_STRIP = NO;
				DEBUG_INFORMATION_FORMAT = "dwarf-with-dsym";
				ENABLE_NS_ASSERTIONS = NO;
				ENABLE_STRICT_OBJC_MSGSEND = YES;
				ENABLE_USER_SCRIPT_SANDBOXING = YES;
				GCC_C_LANGUAGE_STANDARD = gnu17;
				GCC_NO_COMMON_BLOCKS = YES;
				GCC_WARN_64_TO_32_BIT_CONVERSION = YES;
				GCC_WARN_ABOUT_RETURN_TYPE = YES_ERROR;
				GCC_WARN_UNDECLARED_SELECTOR = YES;
				GCC_WARN_UNINITIALIZED_AUTOS = YES_AGGRESSIVE;
				GCC_WARN_UNUSED_FUNCTION = YES;
				GCC_WARN_UNUSED_VARIABLE = YES;
				LOCALIZATION_PREFERS_STRING_CATALOGS = YES;
				MACOSX_DEPLOYMENT_TARGET = 14.5;
				MTL_ENABLE_DEBUG_INFO = NO;
				MTL_FAST_MATH = YES;
				SDKROOT = macosx;
				SWIFT_COMPILATION_MODE = wholemodule;
			};
			name = Release;
		};
		088983DC2C0EF9230087EB32 /* Debug */ = {
			isa = XCBuildConfiguration;
			buildSettings = {
				ASSETCATALOG_COMPILER_APPICON_NAME = AppIcon;
				ASSETCATALOG_COMPILER_GLOBAL_ACCENT_COLOR_NAME = AccentColor;
				CODE_SIGN_ENTITLEMENTS = NotchFace/NotchFace.entitlements;
				CODE_SIGN_IDENTITY = "Apple Development";
				CODE_SIGN_STYLE = Automatic;
				COMBINE_HIDPI_IMAGES = YES;
				CURRENT_PROJECT_VERSION = 1;
				DEVELOPMENT_ASSET_PATHS = "\"NotchFace/Preview Content\"";
				DEVELOPMENT_TEAM = 5HTHT75Q82;
				ENABLE_PREVIEWS = YES;
				ENABLE_USER_SCRIPT_SANDBOXING = NO;
				GENERATE_INFOPLIST_FILE = YES;
				INFOPLIST_KEY_NSHumanReadableCopyright = "";
				LD_RUNPATH_SEARCH_PATHS = (
					"$(inherited)",
					"@executable_path/../Frameworks",
				);
				MARKETING_VERSION = 1.0;
				PRODUCT_BUNDLE_IDENTIFIER = com.kaaaaai.product.NotchFace;
				PRODUCT_NAME = "$(TARGET_NAME)";
				PROVISIONING_PROFILE_SPECIFIER = "";
				SWIFT_EMIT_LOC_STRINGS = YES;
				SWIFT_VERSION = 5.0;
			};
			name = Debug;
		};
		088983DD2C0EF9230087EB32 /* Release */ = {
			isa = XCBuildConfiguration;
			buildSettings = {
				ASSETCATALOG_COMPILER_APPICON_NAME = AppIcon;
				ASSETCATALOG_COMPILER_GLOBAL_ACCENT_COLOR_NAME = AccentColor;
				CODE_SIGN_ENTITLEMENTS = NotchFace/NotchFace.entitlements;
				CODE_SIGN_IDENTITY = "Apple Development";
				CODE_SIGN_STYLE = Automatic;
				COMBINE_HIDPI_IMAGES = YES;
				CURRENT_PROJECT_VERSION = 1;
				DEVELOPMENT_ASSET_PATHS = "\"NotchFace/Preview Content\"";
				DEVELOPMENT_TEAM = 5HTHT75Q82;
				ENABLE_PREVIEWS = YES;
				ENABLE_USER_SCRIPT_SANDBOXING = NO;
				GENERATE_INFOPLIST_FILE = YES;
				INFOPLIST_KEY_NSHumanReadableCopyright = "";
				LD_RUNPATH_SEARCH_PATHS = (
					"$(inherited)",
					"@executable_path/../Frameworks",
				);
				MARKETING_VERSION = 1.0;
				PRODUCT_BUNDLE_IDENTIFIER = com.kaaaaai.product.NotchFace;
				PRODUCT_NAME = "$(TARGET_NAME)";
				PROVISIONING_PROFILE_SPECIFIER = "";
				SWIFT_EMIT_LOC_STRINGS = YES;
				SWIFT_VERSION = 5.0;
			};
			name = Release;
		};
		088983DF2C0EF9230087EB32 /* Debug */ = {
			isa = XCBuildConfiguration;
			buildSettings = {
				ALWAYS_EMBED_SWIFT_STANDARD_LIBRARIES = YES;
				BUNDLE_LOADER = "$(TEST_HOST)";
				CODE_SIGN_STYLE = Automatic;
				CURRENT_PROJECT_VERSION = 1;
				GENERATE_INFOPLIST_FILE = YES;
				MACOSX_DEPLOYMENT_TARGET = 14.5;
				MARKETING_VERSION = 1.0;
				PRODUCT_BUNDLE_IDENTIFIER = com.kaaaaai.product.NotchFaceTests;
				PRODUCT_NAME = "$(TARGET_NAME)";
				SWIFT_EMIT_LOC_STRINGS = NO;
				SWIFT_VERSION = 5.0;
				TEST_HOST = "$(BUILT_PRODUCTS_DIR)/NotchFace.app/$(BUNDLE_EXECUTABLE_FOLDER_PATH)/NotchFace";
			};
			name = Debug;
		};
		088983E02C0EF9230087EB32 /* Release */ = {
			isa = XCBuildConfiguration;
			buildSettings = {
				ALWAYS_EMBED_SWIFT_STANDARD_LIBRARIES = YES;
				BUNDLE_LOADER = "$(TEST_HOST)";
				CODE_SIGN_STYLE = Automatic;
				CURRENT_PROJECT_VERSION = 1;
				GENERATE_INFOPLIST_FILE = YES;
				MACOSX_DEPLOYMENT_TARGET = 14.5;
				MARKETING_VERSION = 1.0;
				PRODUCT_BUNDLE_IDENTIFIER = com.kaaaaai.product.NotchFaceTests;
				PRODUCT_NAME = "$(TARGET_NAME)";
				SWIFT_EMIT_LOC_STRINGS = NO;
				SWIFT_VERSION = 5.0;
				TEST_HOST = "$(BUILT_PRODUCTS_DIR)/NotchFace.app/$(BUNDLE_EXECUTABLE_FOLDER_PATH)/NotchFace";
			};
			name = Release;
		};
		088983E22C0EF9230087EB32 /* Debug */ = {
			isa = XCBuildConfiguration;
			buildSettings = {
				ALWAYS_EMBED_SWIFT_STANDARD_LIBRARIES = YES;
				CODE_SIGN_STYLE = Automatic;
				CURRENT_PROJECT_VERSION = 1;
				GENERATE_INFOPLIST_FILE = YES;
				MARKETING_VERSION = 1.0;
				PRODUCT_BUNDLE_IDENTIFIER = com.kaaaaai.product.NotchFaceUITests;
				PRODUCT_NAME = "$(TARGET_NAME)";
				SWIFT_EMIT_LOC_STRINGS = NO;
				SWIFT_VERSION = 5.0;
				TEST_TARGET_NAME = NotchFace;
			};
			name = Debug;
		};
		088983E32C0EF9230087EB32 /* Release */ = {
			isa = XCBuildConfiguration;
			buildSettings = {
				ALWAYS_EMBED_SWIFT_STANDARD_LIBRARIES = YES;
				CODE_SIGN_STYLE = Automatic;
				CURRENT_PROJECT_VERSION = 1;
				GENERATE_INFOPLIST_FILE = YES;
				MARKETING_VERSION = 1.0;
				PRODUCT_BUNDLE_IDENTIFIER = com.kaaaaai.product.NotchFaceUITests;
				PRODUCT_NAME = "$(TARGET_NAME)";
				SWIFT_EMIT_LOC_STRINGS = NO;
				SWIFT_VERSION = 5.0;
				TEST_TARGET_NAME = NotchFace;
			};
			name = Release;
		};
/* End XCBuildConfiguration section */

/* Begin XCConfigurationList section */
		088983B12C0EF9210087EB32 /* Build configuration list for PBXProject "NotchFace" */ = {
			isa = XCConfigurationList;
			buildConfigurations = (
				088983D92C0EF9230087EB32 /* Debug */,
				088983DA2C0EF9230087EB32 /* Release */,
			);
			defaultConfigurationIsVisible = 0;
			defaultConfigurationName = Release;
		};
		088983DB2C0EF9230087EB32 /* Build configuration list for PBXNativeTarget "NotchFace" */ = {
			isa = XCConfigurationList;
			buildConfigurations = (
				088983DC2C0EF9230087EB32 /* Debug */,
				088983DD2C0EF9230087EB32 /* Release */,
			);
			defaultConfigurationIsVisible = 0;
			defaultConfigurationName = Release;
		};
		088983DE2C0EF9230087EB32 /* Build configuration list for PBXNativeTarget "NotchFaceTests" */ = {
			isa = XCConfigurationList;
			buildConfigurations = (
				088983DF2C0EF9230087EB32 /* Debug */,
				088983E02C0EF9230087EB32 /* Release */,
			);
			defaultConfigurationIsVisible = 0;
			defaultConfigurationName = Release;
		};
		088983E12C0EF9230087EB32 /* Build configuration list for PBXNativeTarget "NotchFaceUITests" */ = {
			isa = XCConfigurationList;
			buildConfigurations = (
				088983E22C0EF9230087EB32 /* Debug */,
				088983E32C0EF9230087EB32 /* Release */,
			);
			defaultConfigurationIsVisible = 0;
			defaultConfigurationName = Release;
		};
/* End XCConfigurationList section */

/* Begin XCRemoteSwiftPackageReference section */
		081182C02C3401E400631B62 /* XCRemoteSwiftPackageReference "LaunchAtLogin-Modern" */ = {
			isa = XCRemoteSwiftPackageReference;
			repositoryURL = "https://github.com/sindresorhus/LaunchAtLogin-Modern";
			requirement = {
				branch = main;
				kind = branch;
			};
		};
/* End XCRemoteSwiftPackageReference section */

/* Begin XCSwiftPackageProductDependency section */
		081182C12C3401E400631B62 /* LaunchAtLogin */ = {
			isa = XCSwiftPackageProductDependency;
			package = 081182C02C3401E400631B62 /* XCRemoteSwiftPackageReference "LaunchAtLogin-Modern" */;
			productName = LaunchAtLogin;
		};
/* End XCSwiftPackageProductDependency section */
	};
	rootObject = 088983AE2C0EF9210087EB32 /* Project object */;
}
